schema: '2.0'
stages:
  train:
    cmd: python -m mlpt.models.train --config params_baseline.yaml
    deps:
    - path: mlpt/models/train.py
      hash: md5
      md5: 68a4bed1446624a33603384c7e2a3d5d
      size: 3499
    - path: mlpt/utils/utils.py
      hash: md5
      md5: 4fee0af6ea5174fd50f085092f5ea977
      size: 10555
    - path: params_light_weight.yaml
      hash: md5
      md5: 5e8103b857cf349e2fbbc21a46b27ffd
      size: 1046
    - path: sh17-dataset
      hash: md5
      md5: 98c496fe61078a94054f4459850856a5.dir
      size: 14447010973
      nfiles: 32407
    outs:
    - path: metrics.json
      hash: md5
      md5: a6924fade3309b25ab200e0341b9d116
      size: 187
