schema: '2.0'
stages:
  train:
    cmd: python3 train.py --config params_light_weight.yaml
    deps:
    - path: params.yaml
      hash: md5
      md5: 025efb1769dfc51ba0e62cc05c6be6e6
      size: 303
    - path: sh17-dataset
      hash: md5
      md5: 2106061dbe8838c613c8c00b340717eb.dir
      size: 28427927821
      nfiles: 32408
    - path: train.py
      hash: md5
      md5: 06e8b681eca78ebe261361a719d71413
      size: 3123
    - path: utils.py
      hash: md5
      md5: a7436416648bbdd5ec1882af0018f011
      size: 10302
    outs:
    - path: metrics.json
      hash: md5
      md5: 8613f4972d5cb67e148996a3079da027
      size: 179
