schema: '2.0'
stages:
  train:
    cmd: python -m mlpt.models.train --config params_baseline.yaml
    deps:
    - path: mlpt/models/train.py
      hash: md5
      md5: 68a4bed1446624a33603384c7e2a3d5d
      size: 3499
    - path: mlpt/utils/utils.py
      hash: md5
      md5: 4fee0af6ea5174fd50f085092f5ea977
      size: 10555
    - path: params_light_weight.yaml
      hash: md5
      md5: 5e8103b857cf349e2fbbc21a46b27ffd
      size: 1046
    - path: sh17-dataset
      hash: md5
      md5: 98c496fe61078a94054f4459850856a5.dir
      size: 14447010973
      nfiles: 32407
    outs:
    - path: metrics.json
      hash: md5
      md5: a6924fade3309b25ab200e0341b9d116
      size: 187
  prune:
    cmd: python -m mlpt.models.prune --config configs/params_prune.yaml
    deps:
    - path: configs/params_prune.yaml
      hash: md5
      md5: 5e29aa498641401ba4820219528b4478
      size: 763
    - path: mlpt/models/prune.py
      hash: md5
      md5: 4ddd0d8b88511cde5a0f0fe710746764
      size: 3953
    - path: mlpt/utils/utils.py
      hash: md5
      md5: 96c6169774530fa52253f01fd26e27c0
      size: 10635
    - path: requirements.txt
      hash: md5
      md5: 27c7a803ed8a0ab9d39faede2ed93492
      size: 717
    - path: sh17-dataset
      hash: md5
      md5: 98c496fe61078a94054f4459850856a5.dir
      size: 14447010973
      nfiles: 32407
    params:
      configs/params_prune.yaml:
        pruning.sparsity_levels:
        - 0.3
        - 0.9
    outs:
    - path: metrics_prune.json
      hash: md5
      md5: ab3484aff42b25de0d4e90a3d3750aae
      size: 288
